
Microsoft Visual Studio Solution File, Format Version 12.00
# Visual Studio Version 17
VisualStudioVersion = 17.14.37111.16 d17.14
MinimumVisualStudioVersion = 10.0.40219.1
Project("{D2ABAB84-BF74-430A-B69E-9DC6D40DDA17}") = "Cubes_IT", "Cubes_IT\Cubes_IT.dwproj", "{BC743403-6ABD-9558-56F6-499F18EC81BF}"
EndProject
Global
	GlobalSection(SolutionConfigurationPlatforms) = preSolution
		Development|Default = Development|Default
	EndGlobalSection
	GlobalSection(ProjectConfigurationPlatforms) = postSolution
		{BC743403-6ABD-9558-56F6-499F18EC81BF}.Development|Default.ActiveCfg = Development
		{BC743403-6ABD-9558-56F6-499F18EC81BF}.Development|Default.Build.0 = Development
		{BC743403-6ABD-9558-56F6-499F18EC81BF}.Development|Default.Deploy.0 = Development
	EndGlobalSection
	GlobalSection(SolutionProperties) = preSolution
		HideSolutionNode = FALSE
	EndGlobalSection
	GlobalSection(ExtensibilityGlobals) = postSolution
		SolutionGuid = {8741407A-BB4D-4B3E-96E5-6E22E63DA175}
	EndGlobalSection
EndGlobal
